// !$*UTF8*$!
{
	archiveVersion = 1;
	classes = {
	};
	objectVersion = 46;
	objects = {

/* Begin PBXBuildFile section */
		B71124C4E00E82563C18E11B /* Pods_TableViewDojo.framework in Frameworks */ = {isa = PBXBuildFile; fileRef = 4DC3CFC474A32CF438DD63B0 /* Pods_TableViewDojo.framework */; };
		EF0B328A1F5D702000C84433 /* AppDelegate.swift in Sources */ = {isa = PBXBuildFile; fileRef = EF0B32891F5D702000C84433 /* AppDelegate.swift */; };
		EF0B328C1F5D702000C84433 /* ViewController.swift in Sources */ = {isa = PBXBuildFile; fileRef = EF0B328B1F5D702000C84433 /* ViewController.swift */; };
		EF0B328F1F5D702000C84433 /* Main.storyboard in Resources */ = {isa = PBXBuildFile; fileRef = EF0B328D1F5D702000C84433 /* Main.storyboard */; };
		EF0B32911F5D702000C84433 /* Assets.xcassets in Resources */ = {isa = PBXBuildFile; fileRef = EF0B32901F5D702000C84433 /* Assets.xcassets */; };
		EF0B32941F5D702000C84433 /* LaunchScreen.storyboard in Resources */ = {isa = PBXBuildFile; fileRef = EF0B32921F5D702000C84433 /* LaunchScreen.storyboard */; };
		EF0B329F1F5ED93400C84433 /* CustomCell.swift in Sources */ = {isa = PBXBuildFile; fileRef = EF0B329E1F5ED93400C84433 /* CustomCell.swift */; };
/* End PBXBuildFile section */

/* Begin PBXFileReference section */
		120BAD43ACBBDB6A810C32DA /* Pods-TableViewDojo.debug.xcconfig */ = {isa = PBXFileReference; includeInIndex = 1; lastKnownFileType = text.xcconfig; name = "Pods-TableViewDojo.debug.xcconfig"; path = "Pods/Target Support Files/Pods-TableViewDojo/Pods-TableViewDojo.debug.xcconfig"; sourceTree = "<group>"; };
		4DC3CFC474A32CF438DD63B0 /* Pods_TableViewDojo.framework */ = {isa = PBXFileReference; explicitFileType = wrapper.framework; includeInIndex = 0; path = Pods_TableViewDojo.framework; sourceTree = BUILT_PRODUCTS_DIR; };
		E52BB7AE2493BAC3379D9E4C /* Pods-TableViewDojo.release.xcconfig */ = {isa = PBXFileReference; includeInIndex = 1; lastKnownFileType = text.xcconfig; name = "Pods-TableViewDojo.release.xcconfig"; path = "Pods/Target Support Files/Pods-TableViewDojo/Pods-TableViewDojo.release.xcconfig"; sourceTree = "<group>"; };
		EF0B32861F5D702000C84433 /* TableViewDojo.app */ = {isa = PBXFileReference; explicitFileType = wrapper.application; includeInIndex = 0; path = TableViewDojo.app; sourceTree = BUILT_PRODUCTS_DIR; };
		EF0B32891F5D702000C84433 /* AppDelegate.swift */ = {isa = PBXFileReference; lastKnownFileType = sourcecode.swift; path = AppDelegate.swift; sourceTree = "<group>"; };
		EF0B328B1F5D702000C84433 /* ViewController.swift */ = {isa = PBXFileReference; lastKnownFileType = sourcecode.swift; path = ViewController.swift; sourceTree = "<group>"; };
		EF0B328E1F5D702000C84433 /* Base */ = {isa = PBXFileReference; lastKnownFileType = file.storyboard; name = Base; path = Base.lproj/Main.storyboard; sourceTree = "<group>"; };
		EF0B32901F5D702000C84433 /* Assets.xcassets */ = {isa = PBXFileReference; lastKnownFileType = folder.assetcatalog; path = Assets.xcassets; sourceTree = "<group>"; };
		EF0B32931F5D702000C84433 /* Base */ = {isa = PBXFileReference; lastKnownFileType = file.storyboard; name = Base; path = Base.lproj/LaunchScreen.storyboard; sourceTree = "<group>"; };
		EF0B32951F5D702000C84433 /* Info.plist */ = {isa = PBXFileReference; lastKnownFileType = text.plist.xml; path = Info.plist; sourceTree = "<group>"; };
		EF0B329E1F5ED93400C84433 /* CustomCell.swift */ = {isa = PBXFileReference; fileEncoding = 4; lastKnownFileType = sourcecode.swift; path = CustomCell.swift; sourceTree = "<group>"; };
/* End PBXFileReference section */

/* Begin PBXFrameworksBuildPhase section */
		EF0B32831F5D702000C84433 /* Frameworks */ = {
			isa = PBXFrameworksBuildPhase;
			buildActionMask = 2147483647;
			files = (
				B71124C4E00E82563C18E11B /* Pods_TableViewDojo.framework in Frameworks */,
			);
			runOnlyForDeploymentPostprocessing = 0;
		};
/* End PBXFrameworksBuildPhase section */

/* Begin PBXGroup section */
		AEEC801607B3BA031CCC941E /* Frameworks */ = {
			isa = PBXGroup;
			children = (
				4DC3CFC474A32CF438DD63B0 /* Pods_TableViewDojo.framework */,
			);
			name = Frameworks;
			sourceTree = "<group>";
		};
		C92612FBEFC12AB37747C9A6 /* Pods */ = {
			isa = PBXGroup;
			children = (
				120BAD43ACBBDB6A810C32DA /* Pods-TableViewDojo.debug.xcconfig */,
				E52BB7AE2493BAC3379D9E4C /* Pods-TableViewDojo.release.xcconfig */,
			);
			name = Pods;
			sourceTree = "<group>";
		};
		EF0B327D1F5D702000C84433 = {
			isa = PBXGroup;
			children = (
				EF0B32881F5D702000C84433 /* TableViewDojo */,
				EF0B32871F5D702000C84433 /* Products */,
				C92612FBEFC12AB37747C9A6 /* Pods */,
				AEEC801607B3BA031CCC941E /* Frameworks */,
			);
			sourceTree = "<group>";
		};
		EF0B32871F5D702000C84433 /* Products */ = {
			isa = PBXGroup;
			children = (
				EF0B32861F5D702000C84433 /* TableViewDojo.app */,
			);
			name = Products;
			sourceTree = "<group>";
		};
		EF0B32881F5D702000C84433 /* TableViewDojo */ = {
			isa = PBXGroup;
			children = (
				EF0B329B1F5DDC1500C84433 /* Custom Cell */,
				EF0B32891F5D702000C84433 /* AppDelegate.swift */,
				EF0B328B1F5D702000C84433 /* ViewController.swift */,
				EF0B328D1F5D702000C84433 /* Main.storyboard */,
				EF0B32901F5D702000C84433 /* Assets.xcassets */,
				EF0B32921F5D702000C84433 /* LaunchScreen.storyboard */,
				EF0B32951F5D702000C84433 /* Info.plist */,
			);
			path = TableViewDojo;
			sourceTree = "<group>";
		};
		EF0B329B1F5DDC1500C84433 /* Custom Cell */ = {
			isa = PBXGroup;
			children = (
				EF0B329E1F5ED93400C84433 /* CustomCell.swift */,
			);
			name = "Custom Cell";
			sourceTree = "<group>";
		};
/* End PBXGroup section */

/* Begin PBXNativeTarget section */
		EF0B32851F5D702000C84433 /* TableViewDojo */ = {
			isa = PBXNativeTarget;
			buildConfigurationList = EF0B32981F5D702000C84433 /* Build configuration list for PBXNativeTarget "TableViewDojo" */;
			buildPhases = (
				EB372A80E6FE9D4C574E2288 /* [CP] Check Pods Manifest.lock */,
				EF0B32821F5D702000C84433 /* Sources */,
				EF0B32831F5D702000C84433 /* Frameworks */,
				EF0B32841F5D702000C84433 /* Resources */,
				62A1206A1F9BEFA19D1E823B /* [CP] Embed Pods Frameworks */,
				64514E362FF5E9E87D9DC742 /* [CP] Copy Pods Resources */,
			);
			buildRules = (
			);
			dependencies = (
			);
			name = TableViewDojo;
			productName = TableViewDojo;
			productReference = EF0B32861F5D702000C84433 /* TableViewDojo.app */;
			productType = "com.apple.product-type.application";
		};
/* End PBXNativeTarget section */

/* Begin PBXProject section */
		EF0B327E1F5D702000C84433 /* Project object */ = {
			isa = PBXProject;
			attributes = {
				LastSwiftUpdateCheck = 0830;
				LastUpgradeCheck = 0830;
				ORGANIZATIONNAME = "Matheus Gustavo dos Santos Vechietin";
				TargetAttributes = {
					EF0B32851F5D702000C84433 = {
						CreatedOnToolsVersion = 8.3.3;
						ProvisioningStyle = Automatic;
					};
				};
			};
			buildConfigurationList = EF0B32811F5D702000C84433 /* Build configuration list for PBXProject "TableViewDojo" */;
			compatibilityVersion = "Xcode 3.2";
			developmentRegion = English;
			hasScannedForEncodings = 0;
			knownRegions = (
				en,
				Base,
			);
			mainGroup = EF0B327D1F5D702000C84433;
			productRefGroup = EF0B32871F5D702000C84433 /* Products */;
			projectDirPath = "";
			projectRoot = "";
			targets = (
				EF0B32851F5D702000C84433 /* TableViewDojo */,
			);
		};
/* End PBXProject section */

/* Begin PBXResourcesBuildPhase section */
		EF0B32841F5D702000C84433 /* Resources */ = {
			isa = PBXResourcesBuildPhase;
			buildActionMask = 2147483647;
			files = (
				EF0B32941F5D702000C84433 /* LaunchScreen.storyboard in Resources */,
				EF0B32911F5D702000C84433 /* Assets.xcassets in Resources */,
				EF0B328F1F5D702000C84433 /* Main.storyboard in Resources */,
			);
			runOnlyForDeploymentPostprocessing = 0;
		};
/* End PBXResourcesBuildPhase section */

/* Begin PBXShellScriptBuildPhase section */
		62A1206A1F9BEFA19D1E823B /* [CP] Embed Pods Frameworks */ = {
			isa = PBXShellScriptBuildPhase;
			buildActionMask = 2147483647;
			files = (
			);
			inputPaths = (
				"${SRCROOT}/Pods/Target Support Files/Pods-TableViewDojo/Pods-TableViewDojo-frameworks.sh",
				"${BUILT_PRODUCTS_DIR}/Alamofire/Alamofire.framework",
			);
			name = "[CP] Embed Pods Frameworks";
			outputPaths = (
				"${TARGET_BUILD_DIR}/${FRAMEWORKS_FOLDER_PATH}/Alamofire.framework",
			);
			runOnlyForDeploymentPostprocessing = 0;
			shellPath = /bin/sh;
			shellScript = "\"${SRCROOT}/Pods/Target Support Files/Pods-TableViewDojo/Pods-TableViewDojo-frameworks.sh\"\n";
			showEnvVarsInLog = 0;
		};
		64514E362FF5E9E87D9DC742 /* [CP] Copy Pods Resources */ = {
			isa = PBXShellScriptBuildPhase;
			buildActionMask = 2147483647;
			files = (
			);
			inputPaths = (
			);
			name = "[CP] Copy Pods Resources";
			outputPaths = (
			);
			runOnlyForDeploymentPostprocessing = 0;
			shellPath = /bin/sh;
			shellScript = "\"${SRCROOT}/Pods/Target Support Files/Pods-TableViewDojo/Pods-TableViewDojo-resources.sh\"\n";
			showEnvVarsInLog = 0;
		};
		EB372A80E6FE9D4C574E2288 /* [CP] Check Pods Manifest.lock */ = {
			isa = PBXShellScriptBuildPhase;
			buildActionMask = 2147483647;
			files = (
			);
			inputPaths = (
				"${PODS_PODFILE_DIR_PATH}/Podfile.lock",
				"${PODS_ROOT}/Manifest.lock",
			);
			name = "[CP] Check Pods Manifest.lock";
			outputPaths = (
				"$(DERIVED_FILE_DIR)/Pods-TableViewDojo-checkManifestLockResult.txt",
			);
			runOnlyForDeploymentPostprocessing = 0;
			shellPath = /bin/sh;
			shellScript = "diff \"${PODS_PODFILE_DIR_PATH}/Podfile.lock\" \"${PODS_ROOT}/Manifest.lock\" > /dev/null\nif [ $? != 0 ] ; then\n    # print error to STDERR\n    echo \"error: The sandbox is not in sync with the Podfile.lock. Run 'pod install' or update your CocoaPods installation.\" >&2\n    exit 1\nfi\n# This output is used by Xcode 'outputs' to avoid re-running this script phase.\necho \"SUCCESS\" > \"${SCRIPT_OUTPUT_FILE_0}\"\n";
			showEnvVarsInLog = 0;
		};
/* End PBXShellScriptBuildPhase section */

/* Begin PBXSourcesBuildPhase section */
		EF0B32821F5D702000C84433 /* Sources */ = {
			isa = PBXSourcesBuildPhase;
			buildActionMask = 2147483647;
			files = (
				EF0B328C1F5D702000C84433 /* ViewController.swift in Sources */,
				EF0B329F1F5ED93400C84433 /* CustomCell.swift in Sources */,
				EF0B328A1F5D702000C84433 /* AppDelegate.swift in Sources */,
			);
			runOnlyForDeploymentPostprocessing = 0;
		};
/* End PBXSourcesBuildPhase section */

/* Begin PBXVariantGroup section */
		EF0B328D1F5D702000C84433 /* Main.storyboard */ = {
			isa = PBXVariantGroup;
			children = (
				EF0B328E1F5D702000C84433 /* Base */,
			);
			name = Main.storyboard;
			sourceTree = "<group>";
		};
		EF0B32921F5D702000C84433 /* LaunchScreen.storyboard */ = {
			isa = PBXVariantGroup;
			children = (
				EF0B32931F5D702000C84433 /* Base */,
			);
			name = LaunchScreen.storyboard;
			sourceTree = "<group>";
		};
/* End PBXVariantGroup section */

/* Begin XCBuildConfiguration section */
		EF0B32961F5D702000C84433 /* Debug */ = {
			isa = XCBuildConfiguration;
			buildSettings = {
				ALWAYS_SEARCH_USER_PATHS = NO;
				CLANG_ANALYZER_NONNULL = YES;
				CLANG_ANALYZER_NUMBER_OBJECT_CONVERSION = YES_AGGRESSIVE;
				CLANG_CXX_LANGUAGE_STANDARD = "gnu++0x";
				CLANG_CXX_LIBRARY = "libc++";
				CLANG_ENABLE_MODULES = YES;
				CLANG_ENABLE_OBJC_ARC = YES;
				CLANG_WARN_BOOL_CONVERSION = YES;
				CLANG_WARN_CONSTANT_CONVERSION = YES;
				CLANG_WARN_DIRECT_OBJC_ISA_USAGE = YES_ERROR;
				CLANG_WARN_DOCUMENTATION_COMMENTS = YES;
				CLANG_WARN_EMPTY_BODY = YES;
				CLANG_WARN_ENUM_CONVERSION = YES;
				CLANG_WARN_INFINITE_RECURSION = YES;
				CLANG_WARN_INT_CONVERSION = YES;
				CLANG_WARN_OBJC_ROOT_CLASS = YES_ERROR;
				CLANG_WARN_SUSPICIOUS_MOVE = YES;
				CLANG_WARN_UNREACHABLE_CODE = YES;
				CLANG_WARN__DUPLICATE_METHOD_MATCH = YES;
				"CODE_SIGN_IDENTITY[sdk=iphoneos*]" = "iPhone Developer";
				COPY_PHASE_STRIP = NO;
				DEBUG_INFORMATION_FORMAT = dwarf;
				ENABLE_STRICT_OBJC_MSGSEND = YES;
				ENABLE_TESTABILITY = YES;
				GCC_C_LANGUAGE_STANDARD = gnu99;
				GCC_DYNAMIC_NO_PIC = NO;
				GCC_NO_COMMON_BLOCKS = YES;
				GCC_OPTIMIZATION_LEVEL = 0;
				GCC_PREPROCESSOR_DEFINITIONS = (
					"DEBUG=1",
					"$(inherited)",
				);
				GCC_WARN_64_TO_32_BIT_CONVERSION = YES;
				GCC_WARN_ABOUT_RETURN_TYPE = YES_ERROR;
				GCC_WARN_UNDECLARED_SELECTOR = YES;
				GCC_WARN_UNINITIALIZED_AUTOS = YES_AGGRESSIVE;
				GCC_WARN_UNUSED_FUNCTION = YES;
				GCC_WARN_UNUSED_VARIABLE = YES;
				IPHONEOS_DEPLOYMENT_TARGET = 10.3;
				MTL_ENABLE_DEBUG_INFO = YES;
				ONLY_ACTIVE_ARCH = YES;
				SDKROOT = iphoneos;
				SWIFT_ACTIVE_COMPILATION_CONDITIONS = DEBUG;
				SWIFT_OPTIMIZATION_LEVEL = "-Onone";
				TARGETED_DEVICE_FAMILY = "1,2";
			};
			name = Debug;
		};
		EF0B32971F5D702000C84433 /* Release */ = {
			isa = XCBuildConfiguration;
			buildSettings = {
				ALWAYS_SEARCH_USER_PATHS = NO;
				CLANG_ANALYZER_NONNULL = YES;
				CLANG_ANALYZER_NUMBER_OBJECT_CONVERSION = YES_AGGRESSIVE;
				CLANG_CXX_LANGUAGE_STANDARD = "gnu++0x";
				CLANG_CXX_LIBRARY = "libc++";
				CLANG_ENABLE_MODULES = YES;
				CLANG_ENABLE_OBJC_ARC = YES;
				CLANG_WARN_BOOL_CONVERSION = YES;
				CLANG_WARN_CONSTANT_CONVERSION = YES;
				CLANG_WARN_DIRECT_OBJC_ISA_USAGE = YES_ERROR;
				CLANG_WARN_DOCUMENTATION_COMMENTS = YES;
				CLANG_WARN_EMPTY_BODY = YES;
				CLANG_WARN_ENUM_CONVERSION = YES;
				CLANG_WARN_INFINITE_RECURSION = YES;
				CLANG_WARN_INT_CONVERSION = YES;
				CLANG_WARN_OBJC_ROOT_CLASS = YES_ERROR;
				CLANG_WARN_SUSPICIOUS_MOVE = YES;
				CLANG_WARN_UNREACHABLE_CODE = YES;
				CLANG_WARN__DUPLICATE_METHOD_MATCH = YES;
				"CODE_SIGN_IDENTITY[sdk=iphoneos*]" = "iPhone Developer";
				COPY_PHASE_STRIP = NO;
				DEBUG_INFORMATION_FORMAT = "dwarf-with-dsym";
				ENABLE_NS_ASSERTIONS = NO;
				ENABLE_STRICT_OBJC_MSGSEND = YES;
				GCC_C_LANGUAGE_STANDARD = gnu99;
				GCC_NO_COMMON_BLOCKS = YES;
				GCC_WARN_64_TO_32_BIT_CONVERSION = YES;
				GCC_WARN_ABOUT_RETURN_TYPE = YES_ERROR;
				GCC_WARN_UNDECLARED_SELECTOR = YES;
				GCC_WARN_UNINITIALIZED_AUTOS = YES_AGGRESSIVE;
				GCC_WARN_UNUSED_FUNCTION = YES;
				GCC_WARN_UNUSED_VARIABLE = YES;
				IPHONEOS_DEPLOYMENT_TARGET = 10.3;
				MTL_ENABLE_DEBUG_INFO = NO;
				SDKROOT = iphoneos;
				SWIFT_OPTIMIZATION_LEVEL = "-Owholemodule";
				TARGETED_DEVICE_FAMILY = "1,2";
				VALIDATE_PRODUCT = YES;
			};
			name = Release;
		};
		EF0B32991F5D702000C84433 /* Debug */ = {
			isa = XCBuildConfiguration;
			baseConfigurationReference = 120BAD43ACBBDB6A810C32DA /* Pods-TableViewDojo.debug.xcconfig */;
			buildSettings = {
				ASSETCATALOG_COMPILER_APPICON_NAME = AppIcon;
				INFOPLIST_FILE = TableViewDojo/Info.plist;
				LD_RUNPATH_SEARCH_PATHS = "$(inherited) @executable_path/Frameworks";
				PRODUCT_BUNDLE_IDENTIFIER = com.test.TableViewDojo;
				PRODUCT_NAME = "$(TARGET_NAME)";
				SWIFT_VERSION = 3.0;
			};
			name = Debug;
		};
		EF0B329A1F5D702000C84433 /* Release */ = {
			isa = XCBuildConfiguration;
			baseConfigurationReference = E52BB7AE2493BAC3379D9E4C /* Pods-TableViewDojo.release.xcconfig */;
			buildSettings = {
				ASSETCATALOG_COMPILER_APPICON_NAME = AppIcon;
				INFOPLIST_FILE = TableViewDojo/Info.plist;
				LD_RUNPATH_SEARCH_PATHS = "$(inherited) @executable_path/Frameworks";
				PRODUCT_BUNDLE_IDENTIFIER = com.test.TableViewDojo;
				PRODUCT_NAME = "$(TARGET_NAME)";
				SWIFT_VERSION = 3.0;
			};
			name = Release;
		};
/* End XCBuildConfiguration section */

/* Begin XCConfigurationList section */
		EF0B32811F5D702000C84433 /* Build configuration list for PBXProject "TableViewDojo" */ = {
			isa = XCConfigurationList;
			buildConfigurations = (
				EF0B32961F5D702000C84433 /* Debug */,
				EF0B32971F5D702000C84433 /* Release */,
			);
			defaultConfigurationIsVisible = 0;
			defaultConfigurationName = Release;
		};
		EF0B32981F5D702000C84433 /* Build configuration list for PBXNativeTarget "TableViewDojo" */ = {
			isa = XCConfigurationList;
			buildConfigurations = (
				EF0B32991F5D702000C84433 /* Debug */,
				EF0B329A1F5D702000C84433 /* Release */,
			);
			defaultConfigurationIsVisible = 0;
			defaultConfigurationName = Release;
		};
/* End XCConfigurationList section */
	};
	rootObject = EF0B327E1F5D702000C84433 /* Project object */;
}
